
Microsoft Visual Studio Solution File, Format Version 12.00
# Visual Studio Version 17
VisualStudioVersion = 17.11.35222.181
MinimumVisualStudioVersion = 10.0.40219.1
Project("{FAE04EC0-301F-11D3-BF4B-00C04F79EFBC}") = "Application", "Application\Application.csproj", "{A44300B0-80E5-42F2-840B-D12B9B599291}"
EndProject
Project("{FAE04EC0-301F-11D3-BF4B-00C04F79EFBC}") = "Domain", "Domain\Domain.csproj", "{51A8BDEB-F9D3-454F-9F93-EDF12B1A6EF2}"
EndProject
Project("{FAE04EC0-301F-11D3-BF4B-00C04F79EFBC}") = "Infrastructure", "Infrastructure\Infrastructure.csproj", "{648BB109-08E4-40CE-B955-04BAE8368140}"
EndProject
Project("{FAE04EC0-301F-11D3-BF4B-00C04F79EFBC}") = "Presentation", "Presentation\Presentation.csproj", "{619016A8-C648-4AB2-8CDE-FC0052AF3137}"
EndProject
Global
	GlobalSection(SolutionConfigurationPlatforms) = preSolution
		Debug|Any CPU = Debug|Any CPU
		Release|Any CPU = Release|Any CPU
	EndGlobalSection
	GlobalSection(ProjectConfigurationPlatforms) = postSolution
		{A44300B0-80E5-42F2-840B-D12B9B599291}.Debug|Any CPU.ActiveCfg = Debug|Any CPU
		{A44300B0-80E5-42F2-840B-D12B9B599291}.Debug|Any CPU.Build.0 = Debug|Any CPU
		{A44300B0-80E5-42F2-840B-D12B9B599291}.Release|Any CPU.ActiveCfg = Release|Any CPU
		{A44300B0-80E5-42F2-840B-D12B9B599291}.Release|Any CPU.Build.0 = Release|Any CPU
		{51A8BDEB-F9D3-454F-9F93-EDF12B1A6EF2}.Debug|Any CPU.ActiveCfg = Debug|Any CPU
		{51A8BDEB-F9D3-454F-9F93-EDF12B1A6EF2}.Debug|Any CPU.Build.0 = Debug|Any CPU
		{51A8BDEB-F9D3-454F-9F93-EDF12B1A6EF2}.Release|Any CPU.ActiveCfg = Release|Any CPU
		{51A8BDEB-F9D3-454F-9F93-EDF12B1A6EF2}.Release|Any CPU.Build.0 = Release|Any CPU
		{648BB109-08E4-40CE-B955-04BAE8368140}.Debug|Any CPU.ActiveCfg = Debug|Any CPU
		{648BB109-08E4-40CE-B955-04BAE8368140}.Debug|Any CPU.Build.0 = Debug|Any CPU
		{648BB109-08E4-40CE-B955-04BAE8368140}.Release|Any CPU.ActiveCfg = Release|Any CPU
		{648BB109-08E4-40CE-B955-04BAE8368140}.Release|Any CPU.Build.0 = Release|Any CPU
		{619016A8-C648-4AB2-8CDE-FC0052AF3137}.Debug|Any CPU.ActiveCfg = Debug|Any CPU
		{619016A8-C648-4AB2-8CDE-FC0052AF3137}.Debug|Any CPU.Build.0 = Debug|Any CPU
		{619016A8-C648-4AB2-8CDE-FC0052AF3137}.Release|Any CPU.ActiveCfg = Release|Any CPU
		{619016A8-C648-4AB2-8CDE-FC0052AF3137}.Release|Any CPU.Build.0 = Release|Any CPU
	EndGlobalSection
	GlobalSection(SolutionProperties) = preSolution
		HideSolutionNode = FALSE
	EndGlobalSection
	GlobalSection(ExtensibilityGlobals) = postSolution
		SolutionGuid = {53BC85A3-D390-4446-B0E8-CF58A644B3B8}
	EndGlobalSection
EndGlobal
